{
  "version": 4,
  "terraform_version": "1.9.6",
  "serial": 23,
  "lineage": "b9b758ee-5c30-6ca0-6923-4f0fdc34a84b",
  "outputs": {},
  "resources": [
    {
      "mode": "managed",
      "type": "azurerm_app_service_source_control",
      "name": "hello_world",
      "provider": "provider[\"registry.terraform.io/hashicorp/azurerm\"]",
      "instances": [
        {
          "schema_version": 0,
          "attributes": {
            "app_id": "/subscriptions/6edd9504-750c-4b1e-a8ff-17276aa2cb2d/resourceGroups/tanso-demo-resources/providers/Microsoft.Web/sites/webapp-tanso-demo",
            "branch": "main",
            "github_action_configuration": [],
            "id": "/subscriptions/6edd9504-750c-4b1e-a8ff-17276aa2cb2d/resourceGroups/tanso-demo-resources/providers/Microsoft.Web/sites/webapp-tanso-demo",
            "repo_url": "https://github.com/Azure-Samples/nodejs-docs-hello-world",
            "rollback_enabled": false,
            "scm_type": "ExternalGit",
            "timeouts": null,
            "use_local_git": false,
            "use_manual_integration": true,
            "use_mercurial": false,
            "uses_github_action": false
          },
          "sensitive_attributes": [],
          "private": "eyJlMmJmYjczMC1lY2FhLTExZTYtOGY4OC0zNDM2M2JjN2M0YzAiOnsiY3JlYXRlIjoxODAwMDAwMDAwMDAwLCJkZWxldGUiOjE4MDAwMDAwMDAwMDAsInJlYWQiOjMwMDAwMDAwMDAwMH19",
          "dependencies": [
            "azurerm_linux_web_app.tanso_demo",
            "azurerm_resource_group.tanso_demo",
            "azurerm_service_plan.tanso_demo"
          ]
        }
      ]
    },
    {
      "mode": "managed",
      "type": "azurerm_app_service_virtual_network_swift_connection",
      "name": "tanso_demo",
      "provider": "provider[\"registry.terraform.io/hashicorp/azurerm\"]",
      "instances": [
        {
          "schema_version": 0,
          "attributes": {
            "app_service_id": "/subscriptions/6edd9504-750c-4b1e-a8ff-17276aa2cb2d/resourceGroups/tanso-demo-resources/providers/Microsoft.Web/sites/webapp-tanso-demo",
            "id": "/subscriptions/6edd9504-750c-4b1e-a8ff-17276aa2cb2d/resourceGroups/tanso-demo-resources/providers/Microsoft.Web/sites/webapp-tanso-demo/config/virtualNetwork",
            "subnet_id": "/subscriptions/6edd9504-750c-4b1e-a8ff-17276aa2cb2d/resourceGroups/tanso-demo-resources/providers/Microsoft.Network/virtualNetworks/tanso-demo-vn/subnets/tanso_demo_app",
            "timeouts": null
          },
          "sensitive_attributes": [],
          "private": "eyJlMmJmYjczMC1lY2FhLTExZTYtOGY4OC0zNDM2M2JjN2M0YzAiOnsiY3JlYXRlIjoxODAwMDAwMDAwMDAwLCJkZWxldGUiOjE4MDAwMDAwMDAwMDAsInJlYWQiOjMwMDAwMDAwMDAwMCwidXBkYXRlIjoxODAwMDAwMDAwMDAwfX0=",
          "dependencies": [
            "azurerm_linux_web_app.tanso_demo",
            "azurerm_resource_group.tanso_demo",
            "azurerm_service_plan.tanso_demo",
            "azurerm_subnet.tanso_demo_app",
            "azurerm_virtual_network.tanso_demo"
          ]
        }
      ]
    },
    {
      "mode": "managed",
      "type": "azurerm_linux_web_app",
      "name": "tanso_demo",
      "provider": "provider[\"registry.terraform.io/hashicorp/azurerm\"]",
      "instances": [
        {
          "schema_version": 1,
          "attributes": {
            "app_settings": {},
            "auth_settings": [],
            "auth_settings_v2": [],
            "backup": [],
            "client_affinity_enabled": false,
            "client_certificate_enabled": false,
            "client_certificate_exclusion_paths": "",
            "client_certificate_mode": "Required",
            "connection_string": [],
            "custom_domain_verification_id": "2359FBD3D216206C2AC3390176B1E2FA4946206A85FC462CDBA353535FC9F3F8",
            "default_hostname": "webapp-tanso-demo.azurewebsites.net",
            "enabled": true,
            "ftp_publish_basic_authentication_enabled": true,
            "hosting_environment_id": "",
            "https_only": true,
            "id": "/subscriptions/6edd9504-750c-4b1e-a8ff-17276aa2cb2d/resourceGroups/tanso-demo-resources/providers/Microsoft.Web/sites/webapp-tanso-demo",
            "identity": [],
            "key_vault_reference_identity_id": "SystemAssigned",
            "kind": "app,linux",
            "location": "westeurope",
            "logs": [],
            "name": "webapp-tanso-demo",
            "outbound_ip_address_list": [
              "51.136.122.147",
              "51.136.122.231",
              "51.136.124.112",
              "51.136.125.253",
              "51.136.126.50",
              "51.136.127.36",
              "20.50.2.18"
            ],
            "outbound_ip_addresses": "51.136.122.147,51.136.122.231,51.136.124.112,51.136.125.253,51.136.126.50,51.136.127.36,20.50.2.18",
            "possible_outbound_ip_address_list": [
              "51.136.122.147",
              "51.136.122.231",
              "51.136.124.112",
              "51.136.125.253",
              "51.136.126.50",
              "51.136.127.36",
              "51.138.64.87",
              "51.138.64.104",
              "51.138.64.130",
              "51.138.65.14",
              "51.138.65.56",
              "51.138.65.172",
              "51.138.65.183",
              "51.138.65.188",
              "51.138.65.198",
              "51.138.65.212",
              "51.138.66.55",
              "51.138.66.89",
              "20.82.33.26",
              "20.82.34.221",
              "20.82.34.241",
              "20.82.37.94",
              "20.82.33.11",
              "20.82.33.6",
              "20.50.2.18"
            ],
            "possible_outbound_ip_addresses": "51.136.122.147,51.136.122.231,51.136.124.112,51.136.125.253,51.136.126.50,51.136.127.36,51.138.64.87,51.138.64.104,51.138.64.130,51.138.65.14,51.138.65.56,51.138.65.172,51.138.65.183,51.138.65.188,51.138.65.198,51.138.65.212,51.138.66.55,51.138.66.89,20.82.33.26,20.82.34.221,20.82.34.241,20.82.37.94,20.82.33.11,20.82.33.6,20.50.2.18",
            "public_network_access_enabled": true,
            "resource_group_name": "tanso-demo-resources",
            "service_plan_id": "/subscriptions/6edd9504-750c-4b1e-a8ff-17276aa2cb2d/resourceGroups/tanso-demo-resources/providers/Microsoft.Web/serverFarms/webapp-plan-tanso-demo",
            "site_config": [
              {
                "always_on": true,
                "api_definition_url": "",
                "api_management_api_id": "",
                "app_command_line": "",
                "application_stack": [
                  {
                    "docker_image_name": "",
                    "docker_registry_password": "",
                    "docker_registry_url": "",
                    "docker_registry_username": "",
                    "dotnet_version": "",
                    "go_version": "",
                    "java_server": "",
                    "java_server_version": "",
                    "java_version": "",
                    "node_version": "18-lts",
                    "php_version": "",
                    "python_version": "",
                    "ruby_version": ""
                  }
                ],
                "auto_heal_setting": [],
                "container_registry_managed_identity_client_id": "",
                "container_registry_use_managed_identity": false,
                "cors": [],
                "default_documents": [
                  "Default.htm",
                  "Default.html",
                  "Default.asp",
                  "index.htm",
                  "index.html",
                  "iisstart.htm",
                  "default.aspx",
                  "index.php",
                  "hostingstart.html"
                ],
                "detailed_error_logging_enabled": false,
                "ftps_state": "Disabled",
                "health_check_eviction_time_in_min": 0,
                "health_check_path": "",
                "http2_enabled": false,
                "ip_restriction": [],
                "ip_restriction_default_action": "Allow",
                "linux_fx_version": "NODE|18-lts",
                "load_balancing_mode": "LeastRequests",
                "local_mysql_enabled": false,
                "managed_pipeline_mode": "Integrated",
                "minimum_tls_version": "1.2",
                "remote_debugging_enabled": false,
                "remote_debugging_version": "VS2022",
                "scm_ip_restriction": [],
                "scm_ip_restriction_default_action": "Allow",
                "scm_minimum_tls_version": "1.2",
                "scm_type": "ExternalGit",
                "scm_use_main_ip_restriction": false,
                "use_32_bit_worker": true,
                "vnet_route_all_enabled": false,
                "websockets_enabled": false,
                "worker_count": 1
              }
            ],
            "site_credential": [
              {
                "name": "$webapp-tanso-demo",
                "password": "JgYeF2kahQpaAcFWkzRqQL90rQjJubHmeDt0flXknt5tFqRsRjAdYvBrwL0Q"
              }
            ],
            "sticky_settings": [],
            "storage_account": [],
            "tags": {},
            "timeouts": null,
            "virtual_network_subnet_id": "",
            "webdeploy_publish_basic_authentication_enabled": true,
            "zip_deploy_file": ""
          },
          "sensitive_attributes": [
            [
              {
                "type": "get_attr",
                "value": "site_config"
              },
              {
                "type": "index",
                "value": {
                  "value": 0,
                  "type": "number"
                }
              },
              {
                "type": "get_attr",
                "value": "application_stack"
              },
              {
                "type": "index",
                "value": {
                  "value": 0,
                  "type": "number"
                }
              },
              {
                "type": "get_attr",
                "value": "docker_registry_password"
              }
            ],
            [
              {
                "type": "get_attr",
                "value": "site_credential"
              }
            ],
            [
              {
                "type": "get_attr",
                "value": "custom_domain_verification_id"
              }
            ]
          ],
          "private": "eyJlMmJmYjczMC1lY2FhLTExZTYtOGY4OC0zNDM2M2JjN2M0YzAiOnsiY3JlYXRlIjoxODAwMDAwMDAwMDAwLCJkZWxldGUiOjE4MDAwMDAwMDAwMDAsInJlYWQiOjMwMDAwMDAwMDAwMCwidXBkYXRlIjoxODAwMDAwMDAwMDAwfSwic2NoZW1hX3ZlcnNpb24iOiIxIn0=",
          "dependencies": [
            "azurerm_resource_group.tanso_demo",
            "azurerm_service_plan.tanso_demo"
          ]
        }
      ]
    },
    {
      "mode": "managed",
      "type": "azurerm_postgresql_flexible_server",
      "name": "tanso_demo",
      "provider": "provider[\"registry.terraform.io/hashicorp/azurerm\"]",
      "instances": [
        {
          "schema_version": 0,
          "attributes": {
            "administrator_login": "psqladmin",
            "administrator_password": "Dalaman2",
            "authentication": [
              {
                "active_directory_auth_enabled": false,
                "password_auth_enabled": true,
                "tenant_id": ""
              }
            ],
            "auto_grow_enabled": false,
            "backup_retention_days": 7,
            "create_mode": null,
            "customer_managed_key": [],
            "delegated_subnet_id": "/subscriptions/6edd9504-750c-4b1e-a8ff-17276aa2cb2d/resourceGroups/tanso-demo-resources/providers/Microsoft.Network/virtualNetworks/tanso-demo-vn/subnets/tanso-demo-sn",
            "fqdn": "tanso-demo-psqlflexibleserver.postgres.database.azure.com",
            "geo_redundant_backup_enabled": false,
            "high_availability": [],
            "id": "/subscriptions/6edd9504-750c-4b1e-a8ff-17276aa2cb2d/resourceGroups/tanso-demo-resources/providers/Microsoft.DBforPostgreSQL/flexibleServers/tanso-demo-psqlflexibleserver",
            "identity": [],
            "location": "westeurope",
            "maintenance_window": [],
            "name": "tanso-demo-psqlflexibleserver",
            "point_in_time_restore_time_in_utc": null,
            "private_dns_zone_id": "/subscriptions/6edd9504-750c-4b1e-a8ff-17276aa2cb2d/resourceGroups/tanso-demo-resources/providers/Microsoft.Network/privateDnsZones/tanso-demo.postgres.database.azure.com",
            "public_network_access_enabled": false,
            "replication_role": "",
            "resource_group_name": "tanso-demo-resources",
            "sku_name": "GP_Standard_D4s_v3",
            "source_server_id": null,
            "storage_mb": 32768,
            "storage_tier": "P30",
            "tags": {},
            "timeouts": null,
            "version": "12",
            "zone": "1"
          },
          "sensitive_attributes": [
            [
              {
                "type": "get_attr",
                "value": "administrator_password"
              }
            ]
          ],
          "private": "eyJlMmJmYjczMC1lY2FhLTExZTYtOGY4OC0zNDM2M2JjN2M0YzAiOnsiY3JlYXRlIjozNjAwMDAwMDAwMDAwLCJkZWxldGUiOjM2MDAwMDAwMDAwMDAsInJlYWQiOjMwMDAwMDAwMDAwMCwidXBkYXRlIjozNjAwMDAwMDAwMDAwfX0=",
          "dependencies": [
            "azurerm_private_dns_zone.tanso_demo",
            "azurerm_private_dns_zone_virtual_network_link.tanso_demo",
            "azurerm_resource_group.tanso_demo",
            "azurerm_subnet.tanso_demo",
            "azurerm_virtual_network.tanso_demo"
          ]
        }
      ]
    },
    {
      "mode": "managed",
      "type": "azurerm_postgresql_flexible_server_database",
      "name": "tanso_demo",
      "provider": "provider[\"registry.terraform.io/hashicorp/azurerm\"]",
      "instances": [
        {
          "schema_version": 0,
          "attributes": {
            "charset": "UTF8",
            "collation": "en_US.utf8",
            "id": "/subscriptions/6edd9504-750c-4b1e-a8ff-17276aa2cb2d/resourceGroups/tanso-demo-resources/providers/Microsoft.DBforPostgreSQL/flexibleServers/tanso-demo-psqlflexibleserver/databases/tanso-demo-db",
            "name": "tanso-demo-db",
            "server_id": "/subscriptions/6edd9504-750c-4b1e-a8ff-17276aa2cb2d/resourceGroups/tanso-demo-resources/providers/Microsoft.DBforPostgreSQL/flexibleServers/tanso-demo-psqlflexibleserver",
            "timeouts": null
          },
          "sensitive_attributes": [],
          "private": "eyJlMmJmYjczMC1lY2FhLTExZTYtOGY4OC0zNDM2M2JjN2M0YzAiOnsiY3JlYXRlIjoxODAwMDAwMDAwMDAwLCJkZWxldGUiOjE4MDAwMDAwMDAwMDAsInJlYWQiOjMwMDAwMDAwMDAwMH19",
          "dependencies": [
            "azurerm_postgresql_flexible_server.tanso_demo",
            "azurerm_private_dns_zone.tanso_demo",
            "azurerm_private_dns_zone_virtual_network_link.tanso_demo",
            "azurerm_resource_group.tanso_demo",
            "azurerm_subnet.tanso_demo",
            "azurerm_virtual_network.tanso_demo"
          ]
        }
      ]
    },
    {
      "mode": "managed",
      "type": "azurerm_private_dns_zone",
      "name": "tanso_demo",
      "provider": "provider[\"registry.terraform.io/hashicorp/azurerm\"]",
      "instances": [
        {
          "schema_version": 0,
          "attributes": {
            "id": "/subscriptions/6edd9504-750c-4b1e-a8ff-17276aa2cb2d/resourceGroups/tanso-demo-resources/providers/Microsoft.Network/privateDnsZones/tanso-demo.postgres.database.azure.com",
            "max_number_of_record_sets": 25000,
            "max_number_of_virtual_network_links": 1000,
            "max_number_of_virtual_network_links_with_registration": 100,
            "name": "tanso-demo.postgres.database.azure.com",
            "number_of_record_sets": 2,
            "resource_group_name": "tanso-demo-resources",
            "soa_record": [
              {
                "email": "azureprivatedns-host.microsoft.com",
                "expire_time": 2419200,
                "fqdn": "tanso-demo.postgres.database.azure.com.",
                "host_name": "azureprivatedns.net",
                "minimum_ttl": 10,
                "refresh_time": 3600,
                "retry_time": 300,
                "serial_number": 1,
                "tags": {},
                "ttl": 3600
              }
            ],
            "tags": {},
            "timeouts": null
          },
          "sensitive_attributes": [],
          "private": "eyJlMmJmYjczMC1lY2FhLTExZTYtOGY4OC0zNDM2M2JjN2M0YzAiOnsiY3JlYXRlIjoxODAwMDAwMDAwMDAwLCJkZWxldGUiOjE4MDAwMDAwMDAwMDAsInJlYWQiOjMwMDAwMDAwMDAwMCwidXBkYXRlIjoxODAwMDAwMDAwMDAwfX0=",
          "dependencies": [
            "azurerm_resource_group.tanso_demo"
          ]
        }
      ]
    },
    {
      "mode": "managed",
      "type": "azurerm_private_dns_zone_virtual_network_link",
      "name": "tanso_demo",
      "provider": "provider[\"registry.terraform.io/hashicorp/azurerm\"]",
      "instances": [
        {
          "schema_version": 0,
          "attributes": {
            "id": "/subscriptions/6edd9504-750c-4b1e-a8ff-17276aa2cb2d/resourceGroups/tanso-demo-resources/providers/Microsoft.Network/privateDnsZones/tanso-demo.postgres.database.azure.com/virtualNetworkLinks/tanso-demo.com",
            "name": "tanso-demo.com",
            "private_dns_zone_name": "tanso-demo.postgres.database.azure.com",
            "registration_enabled": false,
            "resource_group_name": "tanso-demo-resources",
            "tags": {},
            "timeouts": null,
            "virtual_network_id": "/subscriptions/6edd9504-750c-4b1e-a8ff-17276aa2cb2d/resourceGroups/tanso-demo-resources/providers/Microsoft.Network/virtualNetworks/tanso-demo-vn"
          },
          "sensitive_attributes": [],
          "private": "eyJlMmJmYjczMC1lY2FhLTExZTYtOGY4OC0zNDM2M2JjN2M0YzAiOnsiY3JlYXRlIjoxODAwMDAwMDAwMDAwLCJkZWxldGUiOjE4MDAwMDAwMDAwMDAsInJlYWQiOjMwMDAwMDAwMDAwMCwidXBkYXRlIjoxODAwMDAwMDAwMDAwfX0=",
          "dependencies": [
            "azurerm_private_dns_zone.tanso_demo",
            "azurerm_resource_group.tanso_demo",
            "azurerm_subnet.tanso_demo",
            "azurerm_virtual_network.tanso_demo"
          ]
        }
      ]
    },
    {
      "mode": "managed",
      "type": "azurerm_resource_group",
      "name": "tanso_demo",
      "provider": "provider[\"registry.terraform.io/hashicorp/azurerm\"]",
      "instances": [
        {
          "schema_version": 0,
          "attributes": {
            "id": "/subscriptions/6edd9504-750c-4b1e-a8ff-17276aa2cb2d/resourceGroups/tanso-demo-resources",
            "location": "westeurope",
            "managed_by": "",
            "name": "tanso-demo-resources",
            "tags": {},
            "timeouts": null
          },
          "sensitive_attributes": [],
          "private": "eyJlMmJmYjczMC1lY2FhLTExZTYtOGY4OC0zNDM2M2JjN2M0YzAiOnsiY3JlYXRlIjo1NDAwMDAwMDAwMDAwLCJkZWxldGUiOjU0MDAwMDAwMDAwMDAsInJlYWQiOjMwMDAwMDAwMDAwMCwidXBkYXRlIjo1NDAwMDAwMDAwMDAwfX0="
        }
      ]
    },
    {
      "mode": "managed",
      "type": "azurerm_service_plan",
      "name": "tanso_demo",
      "provider": "provider[\"registry.terraform.io/hashicorp/azurerm\"]",
      "instances": [
        {
          "schema_version": 1,
          "attributes": {
            "app_service_environment_id": "",
            "id": "/subscriptions/6edd9504-750c-4b1e-a8ff-17276aa2cb2d/resourceGroups/tanso-demo-resources/providers/Microsoft.Web/serverFarms/webapp-plan-tanso-demo",
            "kind": "linux",
            "location": "westeurope",
            "maximum_elastic_worker_count": 1,
            "name": "webapp-plan-tanso-demo",
            "os_type": "Linux",
            "per_site_scaling_enabled": false,
            "reserved": true,
            "resource_group_name": "tanso-demo-resources",
            "sku_name": "B1",
            "tags": {},
            "timeouts": null,
            "worker_count": 1,
            "zone_balancing_enabled": false
          },
          "sensitive_attributes": [],
          "private": "eyJlMmJmYjczMC1lY2FhLTExZTYtOGY4OC0zNDM2M2JjN2M0YzAiOnsiY3JlYXRlIjozNjAwMDAwMDAwMDAwLCJkZWxldGUiOjM2MDAwMDAwMDAwMDAsInJlYWQiOjMwMDAwMDAwMDAwMCwidXBkYXRlIjozNjAwMDAwMDAwMDAwfSwic2NoZW1hX3ZlcnNpb24iOiIxIn0=",
          "dependencies": [
            "azurerm_resource_group.tanso_demo"
          ]
        }
      ]
    },
    {
      "mode": "managed",
      "type": "azurerm_subnet",
      "name": "tanso_demo",
      "provider": "provider[\"registry.terraform.io/hashicorp/azurerm\"]",
      "instances": [
        {
          "schema_version": 0,
          "attributes": {
            "address_prefixes": [
              "10.0.2.0/24"
            ],
            "default_outbound_access_enabled": true,
            "delegation": [
              {
                "name": "fs",
                "service_delegation": [
                  {
                    "actions": [
                      "Microsoft.Network/virtualNetworks/subnets/join/action"
                    ],
                    "name": "Microsoft.DBforPostgreSQL/flexibleServers"
                  }
                ]
              }
            ],
            "id": "/subscriptions/6edd9504-750c-4b1e-a8ff-17276aa2cb2d/resourceGroups/tanso-demo-resources/providers/Microsoft.Network/virtualNetworks/tanso-demo-vn/subnets/tanso-demo-sn",
            "name": "tanso-demo-sn",
            "private_endpoint_network_policies": "Disabled",
            "private_link_service_network_policies_enabled": true,
            "resource_group_name": "tanso-demo-resources",
            "service_endpoint_policy_ids": [],
            "service_endpoints": [
              "Microsoft.Storage"
            ],
            "timeouts": null,
            "virtual_network_name": "tanso-demo-vn"
          },
          "sensitive_attributes": [],
          "private": "eyJlMmJmYjczMC1lY2FhLTExZTYtOGY4OC0zNDM2M2JjN2M0YzAiOnsiY3JlYXRlIjoxODAwMDAwMDAwMDAwLCJkZWxldGUiOjE4MDAwMDAwMDAwMDAsInJlYWQiOjMwMDAwMDAwMDAwMCwidXBkYXRlIjoxODAwMDAwMDAwMDAwfX0=",
          "dependencies": [
            "azurerm_resource_group.tanso_demo",
            "azurerm_virtual_network.tanso_demo"
          ]
        }
      ]
    },
    {
      "mode": "managed",
      "type": "azurerm_subnet",
      "name": "tanso_demo_app",
      "provider": "provider[\"registry.terraform.io/hashicorp/azurerm\"]",
      "instances": [
        {
          "schema_version": 0,
          "attributes": {
            "address_prefixes": [
              "10.0.1.0/24"
            ],
            "default_outbound_access_enabled": true,
            "delegation": [
              {
                "name": "delegation",
                "service_delegation": [
                  {
                    "actions": [
                      "Microsoft.Network/virtualNetworks/subnets/action"
                    ],
                    "name": "Microsoft.Web/serverFarms"
                  }
                ]
              }
            ],
            "id": "/subscriptions/6edd9504-750c-4b1e-a8ff-17276aa2cb2d/resourceGroups/tanso-demo-resources/providers/Microsoft.Network/virtualNetworks/tanso-demo-vn/subnets/tanso_demo_app",
            "name": "tanso_demo_app",
            "private_endpoint_network_policies": "Disabled",
            "private_link_service_network_policies_enabled": true,
            "resource_group_name": "tanso-demo-resources",
            "service_endpoint_policy_ids": null,
            "service_endpoints": null,
            "timeouts": null,
            "virtual_network_name": "tanso-demo-vn"
          },
          "sensitive_attributes": [],
          "private": "eyJlMmJmYjczMC1lY2FhLTExZTYtOGY4OC0zNDM2M2JjN2M0YzAiOnsiY3JlYXRlIjoxODAwMDAwMDAwMDAwLCJkZWxldGUiOjE4MDAwMDAwMDAwMDAsInJlYWQiOjMwMDAwMDAwMDAwMCwidXBkYXRlIjoxODAwMDAwMDAwMDAwfX0=",
          "dependencies": [
            "azurerm_resource_group.tanso_demo",
            "azurerm_virtual_network.tanso_demo"
          ]
        }
      ]
    },
    {
      "mode": "managed",
      "type": "azurerm_virtual_network",
      "name": "tanso_demo",
      "provider": "provider[\"registry.terraform.io/hashicorp/azurerm\"]",
      "instances": [
        {
          "schema_version": 0,
          "attributes": {
            "address_space": [
              "10.0.0.0/16"
            ],
            "bgp_community": "",
            "ddos_protection_plan": [],
            "dns_servers": [],
            "edge_zone": "",
            "encryption": [],
            "flow_timeout_in_minutes": 0,
            "guid": "1f10d2a5-bba4-4a02-8705-fde397556a77",
            "id": "/subscriptions/6edd9504-750c-4b1e-a8ff-17276aa2cb2d/resourceGroups/tanso-demo-resources/providers/Microsoft.Network/virtualNetworks/tanso-demo-vn",
            "location": "westeurope",
            "name": "tanso-demo-vn",
            "resource_group_name": "tanso-demo-resources",
            "subnet": [
              {
                "address_prefixes": [
                  "10.0.2.0/24"
                ],
                "default_outbound_access_enabled": true,
                "delegation": [
                  {
                    "name": "fs",
                    "service_delegation": [
                      {
                        "actions": [
                          "Microsoft.Network/virtualNetworks/subnets/join/action"
                        ],
                        "name": "Microsoft.DBforPostgreSQL/flexibleServers"
                      }
                    ]
                  }
                ],
                "id": "/subscriptions/6edd9504-750c-4b1e-a8ff-17276aa2cb2d/resourceGroups/tanso-demo-resources/providers/Microsoft.Network/virtualNetworks/tanso-demo-vn/subnets/tanso-demo-sn",
                "name": "tanso-demo-sn",
                "private_endpoint_network_policies": "Disabled",
                "private_link_service_network_policies_enabled": true,
                "route_table_id": "",
                "security_group": "",
                "service_endpoint_policy_ids": [],
                "service_endpoints": [
                  "Microsoft.Storage"
                ]
              }
            ],
            "tags": {},
            "timeouts": null
          },
          "sensitive_attributes": [],
          "private": "eyJlMmJmYjczMC1lY2FhLTExZTYtOGY4OC0zNDM2M2JjN2M0YzAiOnsiY3JlYXRlIjoxODAwMDAwMDAwMDAwLCJkZWxldGUiOjE4MDAwMDAwMDAwMDAsInJlYWQiOjMwMDAwMDAwMDAwMCwidXBkYXRlIjoxODAwMDAwMDAwMDAwfX0=",
          "dependencies": [
            "azurerm_resource_group.tanso_demo"
          ]
        }
      ]
    }
  ],
  "check_results": null
}
